Microsoft Visual Studio Solution File, Format Version 12.00
# Visual Studio Version 16
VisualStudioVersion = 16.0.29709.97
MinimumVisualStudioVersion = 10.0.40219.1
Project("{9A19103F-16F7-4668-BE54-9A1E7A4F7556}") = "Pollination.Handlers", "src\Pollination.Handlers\Pollination.Handlers.csproj", "{265B287F-80CE-4EA0-A7C0-10335084C9C8}"
EndProject
Global
	GlobalSection(SolutionConfigurationPlatforms) = preSolution
		Debug|Any CPU = Debug|Any CPU
		Release|Any CPU = Release|Any CPU
	EndGlobalSection
	GlobalSection(ProjectConfigurationPlatforms) = postSolution
		{265B287F-80CE-4EA0-A7C0-10335084C9C8}.Debug|Any CPU.ActiveCfg = Debug|Any CPU
		{265B287F-80CE-4EA0-A7C0-10335084C9C8}.Debug|Any CPU.Build.0 = Debug|Any CPU
		{265B287F-80CE-4EA0-A7C0-10335084C9C8}.Release|Any CPU.ActiveCfg = Release|Any CPU
		{265B287F-80CE-4EA0-A7C0-10335084C9C8}.Release|Any CPU.Build.0 = Release|Any CPU
	EndGlobalSection
	GlobalSection(SolutionProperties) = preSolution
		HideSolutionNode = FALSE
	EndGlobalSection
	GlobalSection(ExtensibilityGlobals) = postSolution
		SolutionGuid = {4D10FF20-B291-491F-8341-08D4D2CF4480}
	EndGlobalSection
EndGlobal
