Microsoft Visual Studio Solution File, Format Version 12.00
# Visual Studio Version 16
VisualStudioVersion = 16.0.29709.97
MinimumVisualStudioVersion = 10.0.40219.1
Project("{9A19103F-16F7-4668-BE54-9A1E7A4F7556}") = "HoneybeeRhino.Handlers", "src\HoneybeeRhino.Handlers\HoneybeeRhino.Handlers.csproj", "{52FC7595-E524-469C-8D2E-B40ACE038A0A}"
EndProject
Project("{9A19103F-16F7-4668-BE54-9A1E7A4F7556}") = "HoneybeeSchema.Handlers", "src\HoneybeeSchema.Handlers\HoneybeeSchema.Handlers.csproj", "{A4DEA58C-D0B8-464F-93E0-C4F4D686CF7B}"
EndProject
Global
	GlobalSection(SolutionConfigurationPlatforms) = preSolution
		Debug|Any CPU = Debug|Any CPU
		Release|Any CPU = Release|Any CPU
	EndGlobalSection
	GlobalSection(ProjectConfigurationPlatforms) = postSolution
		{52FC7595-E524-469C-8D2E-B40ACE038A0A}.Debug|Any CPU.ActiveCfg = Debug|Any CPU
		{52FC7595-E524-469C-8D2E-B40ACE038A0A}.Debug|Any CPU.Build.0 = Debug|Any CPU
		{52FC7595-E524-469C-8D2E-B40ACE038A0A}.Release|Any CPU.ActiveCfg = Release|Any CPU
		{52FC7595-E524-469C-8D2E-B40ACE038A0A}.Release|Any CPU.Build.0 = Release|Any CPU
		{A4DEA58C-D0B8-464F-93E0-C4F4D686CF7B}.Debug|Any CPU.ActiveCfg = Debug|Any CPU
		{A4DEA58C-D0B8-464F-93E0-C4F4D686CF7B}.Debug|Any CPU.Build.0 = Debug|Any CPU
		{A4DEA58C-D0B8-464F-93E0-C4F4D686CF7B}.Release|Any CPU.ActiveCfg = Release|Any CPU
		{A4DEA58C-D0B8-464F-93E0-C4F4D686CF7B}.Release|Any CPU.Build.0 = Release|Any CPU
	EndGlobalSection
	GlobalSection(SolutionProperties) = preSolution
		HideSolutionNode = FALSE
	EndGlobalSection
	GlobalSection(ExtensibilityGlobals) = postSolution
		SolutionGuid = {4D10FF20-B291-491F-8341-08D4D2CF4480}
	EndGlobalSection
EndGlobal
